// !$*UTF8*$!
{
	archiveVersion = 1;
	classes = {
	};
	objectVersion = 50;
	objects = {

/* Begin PBXBuildFile section */
		1412251025F8B3CB006D6BB2 /* LibpinyinConfig.m in Sources */ = {isa = PBXBuildFile; fileRef = 1412250F25F8B3CB006D6BB2 /* LibpinyinConfig.m */; };
		142857B126D965C100480DF0 /* LICENSE in Resources */ = {isa = PBXBuildFile; fileRef = 142857A926D965C100480DF0 /* LICENSE */; };
		142857B226D965C100480DF0 /* MacOSIMEPanel.m in Sources */ = {isa = PBXBuildFile; fileRef = 142857AA26D965C100480DF0 /* MacOSIMEPanel.m */; };
		142857B326D965C100480DF0 /* highlight.png in Resources */ = {isa = PBXBuildFile; fileRef = 142857AB26D965C100480DF0 /* highlight.png */; };
		142857B426D965C100480DF0 /* panel.png in Resources */ = {isa = PBXBuildFile; fileRef = 142857AD26D965C100480DF0 /* panel.png */; };
		142857B526D965C100480DF0 /* MacOSIMETheme.m in Sources */ = {isa = PBXBuildFile; fileRef = 142857AE26D965C100480DF0 /* MacOSIMETheme.m */; };
		142857B626D965C100480DF0 /* next.png in Resources */ = {isa = PBXBuildFile; fileRef = 142857AF26D965C100480DF0 /* next.png */; };
		142857B726D965C100480DF0 /* prev.png in Resources */ = {isa = PBXBuildFile; fileRef = 142857B026D965C100480DF0 /* prev.png */; };
		1428580326D967F300480DF0 /* PYSimpTradConverter.cc in Sources */ = {isa = PBXBuildFile; fileRef = 142857BA26D967F200480DF0 /* PYSimpTradConverter.cc */; };
		1428580426D967F300480DF0 /* PYStrokeEditor.cc in Sources */ = {isa = PBXBuildFile; fileRef = 142857BD26D967F200480DF0 /* PYStrokeEditor.cc */; };
		1428580526D967F300480DF0 /* PYHalfFullConverter.cc in Sources */ = {isa = PBXBuildFile; fileRef = 142857C026D967F200480DF0 /* PYHalfFullConverter.cc */; };
		1428580626D967F300480DF0 /* PYPTradCandidates.cc in Sources */ = {isa = PBXBuildFile; fileRef = 142857C126D967F200480DF0 /* PYPTradCandidates.cc */; };
		1428580826D967F300480DF0 /* PYPEmojiCandidates.cc in Sources */ = {isa = PBXBuildFile; fileRef = 142857C626D967F200480DF0 /* PYPEmojiCandidates.cc */; };
		1428580926D967F300480DF0 /* PYPPinyinEditor.cc in Sources */ = {isa = PBXBuildFile; fileRef = 142857C926D967F200480DF0 /* PYPPinyinEditor.cc */; };
		1428580A26D967F300480DF0 /* PYLibPinyin.cc in Sources */ = {isa = PBXBuildFile; fileRef = 142857CA26D967F200480DF0 /* PYLibPinyin.cc */; };
		1428580B26D967F300480DF0 /* PYPinyinProperties.cc in Sources */ = {isa = PBXBuildFile; fileRef = 142857CB26D967F200480DF0 /* PYPinyinProperties.cc */; };
		1428580C26D967F300480DF0 /* PYEngine.cc in Sources */ = {isa = PBXBuildFile; fileRef = 142857CC26D967F200480DF0 /* PYEngine.cc */; };
		1428580D26D967F300480DF0 /* PYPLuaTriggerCandidates.cc in Sources */ = {isa = PBXBuildFile; fileRef = 142857CD26D967F200480DF0 /* PYPLuaTriggerCandidates.cc */; };
		1428580E26D967F300480DF0 /* PYPCloudCandidates.cc in Sources */ = {isa = PBXBuildFile; fileRef = 142857CF26D967F200480DF0 /* PYPCloudCandidates.cc */; };
		1428580F26D967F300480DF0 /* PYPLuaConverterCandidates.cc in Sources */ = {isa = PBXBuildFile; fileRef = 142857D026D967F200480DF0 /* PYPLuaConverterCandidates.cc */; };
		1428581026D967F300480DF0 /* PYEnglishEditor.cc in Sources */ = {isa = PBXBuildFile; fileRef = 142857D326D967F200480DF0 /* PYEnglishEditor.cc */; };
		1428581126D967F300480DF0 /* PYEditor.cc in Sources */ = {isa = PBXBuildFile; fileRef = 142857D426D967F200480DF0 /* PYEditor.cc */; };
		1428581226D967F300480DF0 /* PYPunctEditor.cc in Sources */ = {isa = PBXBuildFile; fileRef = 142857D526D967F200480DF0 /* PYPunctEditor.cc */; };
		1428581326D967F300480DF0 /* PYFallbackEditor.cc in Sources */ = {isa = PBXBuildFile; fileRef = 142857D726D967F200480DF0 /* PYFallbackEditor.cc */; };
		1428581426D967F300480DF0 /* special_table in Resources */ = {isa = PBXBuildFile; fileRef = 142857DA26D967F200480DF0 /* special_table */; };
		1428581526D967F300480DF0 /* PYPFullPinyinEditor.cc in Sources */ = {isa = PBXBuildFile; fileRef = 142857DB26D967F200480DF0 /* PYPFullPinyinEditor.cc */; };
		1428581626D967F300480DF0 /* PYPPhoneticEditor.cc in Sources */ = {isa = PBXBuildFile; fileRef = 142857DD26D967F200480DF0 /* PYPPhoneticEditor.cc */; };
		1428581726D967F300480DF0 /* PYExtEditor.cc in Sources */ = {isa = PBXBuildFile; fileRef = 142857DE26D967F200480DF0 /* PYExtEditor.cc */; };
		1428581826D967F300480DF0 /* PYPPinyinEngine.cc in Sources */ = {isa = PBXBuildFile; fileRef = 142857E026D967F200480DF0 /* PYPPinyinEngine.cc */; };
		1428581926D967F300480DF0 /* PYPSuggestionCandidates.cc in Sources */ = {isa = PBXBuildFile; fileRef = 142857E126D967F200480DF0 /* PYPSuggestionCandidates.cc */; };
		1428581A26D967F300480DF0 /* PYPBopomofoEditor.cc in Sources */ = {isa = PBXBuildFile; fileRef = 142857E426D967F200480DF0 /* PYPBopomofoEditor.cc */; };
		1428581B26D967F300480DF0 /* PYPDoublePinyinEditor.cc in Sources */ = {isa = PBXBuildFile; fileRef = 142857E926D967F200480DF0 /* PYPDoublePinyinEditor.cc */; };
		1428581C26D967F300480DF0 /* PYPConfig.cc in Sources */ = {isa = PBXBuildFile; fileRef = 142857EE26D967F200480DF0 /* PYPConfig.cc */; };
		1428581D26D967F300480DF0 /* PYPLibPinyinCandidates.cc in Sources */ = {isa = PBXBuildFile; fileRef = 142857F226D967F200480DF0 /* PYPLibPinyinCandidates.cc */; };
		1428581E26D967F300480DF0 /* PYPSuggestionEditor.cc in Sources */ = {isa = PBXBuildFile; fileRef = 142857F726D967F200480DF0 /* PYPSuggestionEditor.cc */; };
		1428581F26D967F300480DF0 /* PYConfig.cc in Sources */ = {isa = PBXBuildFile; fileRef = 142857FA26D967F200480DF0 /* PYConfig.cc */; };
		144009C825F8CD4B0023D072 /* LibpinyinFullPinyinEditor.m in Sources */ = {isa = PBXBuildFile; fileRef = 144009C725F8CD4B0023D072 /* LibpinyinFullPinyinEditor.m */; };
		144009D025F8D96F0023D072 /* LibpinyinBackend.m in Sources */ = {isa = PBXBuildFile; fileRef = 144009CF25F8D96F0023D072 /* LibpinyinBackend.m */; };
		144009E725F933EC0023D072 /* MakibusLibpinyinController.m in Sources */ = {isa = PBXBuildFile; fileRef = 144009E625F933EC0023D072 /* MakibusLibpinyinController.m */; };
		144009EA25F934AE0023D072 /* InputMethodKit.framework in Frameworks */ = {isa = PBXBuildFile; fileRef = 144009E925F934AE0023D072 /* InputMethodKit.framework */; };
		14D0130C25F3AA73004C36F8 /* AppDelegate.m in Sources */ = {isa = PBXBuildFile; fileRef = 14D0130B25F3AA73004C36F8 /* AppDelegate.m */; };
		14D0130E25F3AA74004C36F8 /* Assets.xcassets in Resources */ = {isa = PBXBuildFile; fileRef = 14D0130D25F3AA74004C36F8 /* Assets.xcassets */; };
		14D0131125F3AA74004C36F8 /* MainMenu.xib in Resources */ = {isa = PBXBuildFile; fileRef = 14D0130F25F3AA74004C36F8 /* MainMenu.xib */; };
		14D0131425F3AA74004C36F8 /* main.m in Sources */ = {isa = PBXBuildFile; fileRef = 14D0131325F3AA74004C36F8 /* main.m */; };
		14D0133A25F3AAC1004C36F8 /* libcrypto.a in Frameworks */ = {isa = PBXBuildFile; fileRef = 14D0131D25F3AAC1004C36F8 /* libcrypto.a */; };
		14D0133B25F3AAC1004C36F8 /* libpinyin.a in Frameworks */ = {isa = PBXBuildFile; fileRef = 14D0131E25F3AAC1004C36F8 /* libpinyin.a */; };
		14D0133C25F3AAC1004C36F8 /* libglib-2.0.a in Frameworks */ = {isa = PBXBuildFile; fileRef = 14D0131F25F3AAC1004C36F8 /* libglib-2.0.a */; };
		14D0133D25F3AAC1004C36F8 /* libssl.a in Frameworks */ = {isa = PBXBuildFile; fileRef = 14D0132025F3AAC1004C36F8 /* libssl.a */; };
		14D0133E25F3AAC1004C36F8 /* libintl.a in Frameworks */ = {isa = PBXBuildFile; fileRef = 14D0132125F3AAC1004C36F8 /* libintl.a */; };
		14D0133F25F3AAC1004C36F8 /* libdb.a in Frameworks */ = {isa = PBXBuildFile; fileRef = 14D0132225F3AAC1004C36F8 /* libdb.a */; };
		14D0134025F3AAC1004C36F8 /* gb_char.bin in Resources */ = {isa = PBXBuildFile; fileRef = 14D0132425F3AAC1004C36F8 /* gb_char.bin */; };
		14D0134125F3AAC1004C36F8 /* life.bin in Resources */ = {isa = PBXBuildFile; fileRef = 14D0132525F3AAC1004C36F8 /* life.bin */; };
		14D0134225F3AAC1004C36F8 /* phrase_index.bin in Resources */ = {isa = PBXBuildFile; fileRef = 14D0132625F3AAC1004C36F8 /* phrase_index.bin */; };
		14D0134325F3AAC1004C36F8 /* sport.bin in Resources */ = {isa = PBXBuildFile; fileRef = 14D0132725F3AAC1004C36F8 /* sport.bin */; };
		14D0134425F3AAC1004C36F8 /* geology.bin in Resources */ = {isa = PBXBuildFile; fileRef = 14D0132825F3AAC1004C36F8 /* geology.bin */; };
		14D0134525F3AAC1004C36F8 /* pinyin_index.bin in Resources */ = {isa = PBXBuildFile; fileRef = 14D0132925F3AAC1004C36F8 /* pinyin_index.bin */; };
		14D0134625F3AAC1004C36F8 /* science.bin in Resources */ = {isa = PBXBuildFile; fileRef = 14D0132A25F3AAC1004C36F8 /* science.bin */; };
		14D0134725F3AAC1004C36F8 /* merged.bin in Resources */ = {isa = PBXBuildFile; fileRef = 14D0132B25F3AAC1004C36F8 /* merged.bin */; };
		14D0134825F3AAC1004C36F8 /* addon_pinyin_index.bin in Resources */ = {isa = PBXBuildFile; fileRef = 14D0132C25F3AAC1004C36F8 /* addon_pinyin_index.bin */; };
		14D0134925F3AAC1004C36F8 /* art.bin in Resources */ = {isa = PBXBuildFile; fileRef = 14D0132D25F3AAC1004C36F8 /* art.bin */; };
		14D0134A25F3AAC1004C36F8 /* economy.bin in Resources */ = {isa = PBXBuildFile; fileRef = 14D0132E25F3AAC1004C36F8 /* economy.bin */; };
		14D0134B25F3AAC1004C36F8 /* people.bin in Resources */ = {isa = PBXBuildFile; fileRef = 14D0132F25F3AAC1004C36F8 /* people.bin */; };
		14D0134C25F3AAC1004C36F8 /* opengram.bin in Resources */ = {isa = PBXBuildFile; fileRef = 14D0133025F3AAC1004C36F8 /* opengram.bin */; };
		14D0134D25F3AAC1004C36F8 /* culture.bin in Resources */ = {isa = PBXBuildFile; fileRef = 14D0133125F3AAC1004C36F8 /* culture.bin */; };
		14D0134E25F3AAC1004C36F8 /* history.bin in Resources */ = {isa = PBXBuildFile; fileRef = 14D0133225F3AAC1004C36F8 /* history.bin */; };
		14D0134F25F3AAC1004C36F8 /* technology.bin in Resources */ = {isa = PBXBuildFile; fileRef = 14D0133325F3AAC1004C36F8 /* technology.bin */; };
		14D0135025F3AAC1004C36F8 /* bigram.db in Resources */ = {isa = PBXBuildFile; fileRef = 14D0133425F3AAC1004C36F8 /* bigram.db */; };
		14D0135125F3AAC1004C36F8 /* table.conf in Resources */ = {isa = PBXBuildFile; fileRef = 14D0133525F3AAC1004C36F8 /* table.conf */; };
		14D0135225F3AAC1004C36F8 /* addon_phrase_index.bin in Resources */ = {isa = PBXBuildFile; fileRef = 14D0133625F3AAC1004C36F8 /* addon_phrase_index.bin */; };
		14D0135325F3AAC1004C36F8 /* gbk_char.bin in Resources */ = {isa = PBXBuildFile; fileRef = 14D0133725F3AAC1004C36F8 /* gbk_char.bin */; };
		14D0135425F3AAC1004C36F8 /* society.bin in Resources */ = {isa = PBXBuildFile; fileRef = 14D0133825F3AAC1004C36F8 /* society.bin */; };
		14D0135525F3AAC1004C36F8 /* nature.bin in Resources */ = {isa = PBXBuildFile; fileRef = 14D0133925F3AAC1004C36F8 /* nature.bin */; };
		14D0135A25F3AAE3004C36F8 /* libc++.tbd in Frameworks */ = {isa = PBXBuildFile; fileRef = 14D0135825F3AADA004C36F8 /* libc++.tbd */; };
		14D0135B25F3AAE3004C36F8 /* libc.tbd in Frameworks */ = {isa = PBXBuildFile; fileRef = 14D0135925F3AADA004C36F8 /* libc.tbd */; };
		14D0135E25F3AAEC004C36F8 /* libiconv.tbd in Frameworks */ = {isa = PBXBuildFile; fileRef = 14D0135D25F3AAE8004C36F8 /* libiconv.tbd */; };
		14D2F046260A01E9005C21A9 /* Utils.m in Sources */ = {isa = PBXBuildFile; fileRef = 14D2F045260A01E9005C21A9 /* Utils.m */; };
		14D2F04A260A0E1E005C21A9 /* LibpinyinDoublePinyinEditor.m in Sources */ = {isa = PBXBuildFile; fileRef = 14D2F049260A0E1E005C21A9 /* LibpinyinDoublePinyinEditor.m */; };
		14D2F051260BCE84005C21A9 /* LibpinyinPunctEditor.m in Sources */ = {isa = PBXBuildFile; fileRef = 14D2F050260BCE84005C21A9 /* LibpinyinPunctEditor.m */; };
		14E6DC7726077E4F00CB1834 /* LibpinyinCandidates.m in Sources */ = {isa = PBXBuildFile; fileRef = 14E6DC7626077E4F00CB1834 /* LibpinyinCandidates.m */; };
		14E6DC7C26078D1800CB1834 /* Candidates.m in Sources */ = {isa = PBXBuildFile; fileRef = 14E6DC7B26078D1800CB1834 /* Candidates.m */; };
		14E9C8F325FE3A1600A2D23F /* LibpinyinDefaultConfig.plist in Resources */ = {isa = PBXBuildFile; fileRef = 14E9C8F225FE3A1600A2D23F /* LibpinyinDefaultConfig.plist */; };
/* End PBXBuildFile section */

/* Begin PBXFileReference section */
		1412250E25F8B3CB006D6BB2 /* LibpinyinConfig.h */ = {isa = PBXFileReference; lastKnownFileType = sourcecode.c.h; path = LibpinyinConfig.h; sourceTree = "<group>"; };
		1412250F25F8B3CB006D6BB2 /* LibpinyinConfig.m */ = {isa = PBXFileReference; lastKnownFileType = sourcecode.c.objc; path = LibpinyinConfig.m; sourceTree = "<group>"; };
		1412251925F8C459006D6BB2 /* LibpinyinEditor.h */ = {isa = PBXFileReference; lastKnownFileType = sourcecode.c.h; path = LibpinyinEditor.h; sourceTree = "<group>"; };
		142857A826D965C100480DF0 /* MacOSIMETheme.h */ = {isa = PBXFileReference; fileEncoding = 4; lastKnownFileType = sourcecode.c.h; path = MacOSIMETheme.h; sourceTree = "<group>"; };
		142857A926D965C100480DF0 /* LICENSE */ = {isa = PBXFileReference; fileEncoding = 4; lastKnownFileType = text; path = LICENSE; sourceTree = "<group>"; };
		142857AA26D965C100480DF0 /* MacOSIMEPanel.m */ = {isa = PBXFileReference; fileEncoding = 4; lastKnownFileType = sourcecode.c.objc; path = MacOSIMEPanel.m; sourceTree = "<group>"; };
		142857AB26D965C100480DF0 /* highlight.png */ = {isa = PBXFileReference; lastKnownFileType = image.png; path = highlight.png; sourceTree = "<group>"; };
		142857AC26D965C100480DF0 /* MacOSIMEPanel.h */ = {isa = PBXFileReference; fileEncoding = 4; lastKnownFileType = sourcecode.c.h; path = MacOSIMEPanel.h; sourceTree = "<group>"; };
		142857AD26D965C100480DF0 /* panel.png */ = {isa = PBXFileReference; lastKnownFileType = image.png; path = panel.png; sourceTree = "<group>"; };
		142857AE26D965C100480DF0 /* MacOSIMETheme.m */ = {isa = PBXFileReference; fileEncoding = 4; lastKnownFileType = sourcecode.c.objc; path = MacOSIMETheme.m; sourceTree = "<group>"; };
		142857AF26D965C100480DF0 /* next.png */ = {isa = PBXFileReference; lastKnownFileType = image.png; path = next.png; sourceTree = "<group>"; };
		142857B026D965C100480DF0 /* prev.png */ = {isa = PBXFileReference; lastKnownFileType = image.png; path = prev.png; sourceTree = "<group>"; };
		142857BA26D967F200480DF0 /* PYSimpTradConverter.cc */ = {isa = PBXFileReference; fileEncoding = 4; lastKnownFileType = sourcecode.cpp.cpp; name = PYSimpTradConverter.cc; path = "ibus-libpinyin/src/PYSimpTradConverter.cc"; sourceTree = "<group>"; };
		142857BB26D967F200480DF0 /* PYExtEditor.h */ = {isa = PBXFileReference; fileEncoding = 4; lastKnownFileType = sourcecode.c.h; name = PYExtEditor.h; path = "ibus-libpinyin/src/PYExtEditor.h"; sourceTree = "<group>"; };
		142857BC26D967F200480DF0 /* PYPLuaConverterCandidates.h */ = {isa = PBXFileReference; fileEncoding = 4; lastKnownFileType = sourcecode.c.h; name = PYPLuaConverterCandidates.h; path = "ibus-libpinyin/src/PYPLuaConverterCandidates.h"; sourceTree = "<group>"; };
		142857BD26D967F200480DF0 /* PYStrokeEditor.cc */ = {isa = PBXFileReference; fileEncoding = 4; lastKnownFileType = sourcecode.cpp.cpp; name = PYStrokeEditor.cc; path = "ibus-libpinyin/src/PYStrokeEditor.cc"; sourceTree = "<group>"; };
		142857BE26D967F200480DF0 /* PYPFullPinyinEditor.h */ = {isa = PBXFileReference; fileEncoding = 4; lastKnownFileType = sourcecode.c.h; name = PYPFullPinyinEditor.h; path = "ibus-libpinyin/src/PYPFullPinyinEditor.h"; sourceTree = "<group>"; };
		142857BF26D967F200480DF0 /* PYString.h */ = {isa = PBXFileReference; fileEncoding = 4; lastKnownFileType = sourcecode.c.h; name = PYString.h; path = "ibus-libpinyin/src/PYString.h"; sourceTree = "<group>"; };
		142857C026D967F200480DF0 /* PYHalfFullConverter.cc */ = {isa = PBXFileReference; fileEncoding = 4; lastKnownFileType = sourcecode.cpp.cpp; name = PYHalfFullConverter.cc; path = "ibus-libpinyin/src/PYHalfFullConverter.cc"; sourceTree = "<group>"; };
		142857C126D967F200480DF0 /* PYPTradCandidates.cc */ = {isa = PBXFileReference; fileEncoding = 4; lastKnownFileType = sourcecode.cpp.cpp; name = PYPTradCandidates.cc; path = "ibus-libpinyin/src/PYPTradCandidates.cc"; sourceTree = "<group>"; };
		142857C326D967F200480DF0 /* PYPLuaTriggerCandidates.h */ = {isa = PBXFileReference; fileEncoding = 4; lastKnownFileType = sourcecode.c.h; name = PYPLuaTriggerCandidates.h; path = "ibus-libpinyin/src/PYPLuaTriggerCandidates.h"; sourceTree = "<group>"; };
		142857C426D967F200480DF0 /* PYPBopomofoEditor.h */ = {isa = PBXFileReference; fileEncoding = 4; lastKnownFileType = sourcecode.c.h; name = PYPBopomofoEditor.h; path = "ibus-libpinyin/src/PYPBopomofoEditor.h"; sourceTree = "<group>"; };
		142857C526D967F200480DF0 /* PYText.h */ = {isa = PBXFileReference; fileEncoding = 4; lastKnownFileType = sourcecode.c.h; name = PYText.h; path = "ibus-libpinyin/src/PYText.h"; sourceTree = "<group>"; };
		142857C626D967F200480DF0 /* PYPEmojiCandidates.cc */ = {isa = PBXFileReference; fileEncoding = 4; lastKnownFileType = sourcecode.cpp.cpp; name = PYPEmojiCandidates.cc; path = "ibus-libpinyin/src/PYPEmojiCandidates.cc"; sourceTree = "<group>"; };
		142857C726D967F200480DF0 /* PYUtil.h */ = {isa = PBXFileReference; fileEncoding = 4; lastKnownFileType = sourcecode.c.h; name = PYUtil.h; path = "ibus-libpinyin/src/PYUtil.h"; sourceTree = "<group>"; };
		142857C826D967F200480DF0 /* PYPDoublePinyinEditor.h */ = {isa = PBXFileReference; fileEncoding = 4; lastKnownFileType = sourcecode.c.h; name = PYPDoublePinyinEditor.h; path = "ibus-libpinyin/src/PYPDoublePinyinEditor.h"; sourceTree = "<group>"; };
		142857C926D967F200480DF0 /* PYPPinyinEditor.cc */ = {isa = PBXFileReference; fileEncoding = 4; lastKnownFileType = sourcecode.cpp.cpp; name = PYPPinyinEditor.cc; path = "ibus-libpinyin/src/PYPPinyinEditor.cc"; sourceTree = "<group>"; };
		142857CA26D967F200480DF0 /* PYLibPinyin.cc */ = {isa = PBXFileReference; fileEncoding = 4; lastKnownFileType = sourcecode.cpp.cpp; name = PYLibPinyin.cc; path = "ibus-libpinyin/src/PYLibPinyin.cc"; sourceTree = "<group>"; };
		142857CB26D967F200480DF0 /* PYPinyinProperties.cc */ = {isa = PBXFileReference; fileEncoding = 4; lastKnownFileType = sourcecode.cpp.cpp; name = PYPinyinProperties.cc; path = "ibus-libpinyin/src/PYPinyinProperties.cc"; sourceTree = "<group>"; };
		142857CC26D967F200480DF0 /* PYEngine.cc */ = {isa = PBXFileReference; fileEncoding = 4; lastKnownFileType = sourcecode.cpp.cpp; name = PYEngine.cc; path = "ibus-libpinyin/src/PYEngine.cc"; sourceTree = "<group>"; };
		142857CD26D967F200480DF0 /* PYPLuaTriggerCandidates.cc */ = {isa = PBXFileReference; fileEncoding = 4; lastKnownFileType = sourcecode.cpp.cpp; name = PYPLuaTriggerCandidates.cc; path = "ibus-libpinyin/src/PYPLuaTriggerCandidates.cc"; sourceTree = "<group>"; };
		142857CE26D967F200480DF0 /* PYPPinyinEditor.h */ = {isa = PBXFileReference; fileEncoding = 4; lastKnownFileType = sourcecode.c.h; name = PYPPinyinEditor.h; path = "ibus-libpinyin/src/PYPPinyinEditor.h"; sourceTree = "<group>"; };
		142857CF26D967F200480DF0 /* PYPCloudCandidates.cc */ = {isa = PBXFileReference; fileEncoding = 4; lastKnownFileType = sourcecode.cpp.cpp; name = PYPCloudCandidates.cc; path = "ibus-libpinyin/src/PYPCloudCandidates.cc"; sourceTree = "<group>"; };
		142857D026D967F200480DF0 /* PYPLuaConverterCandidates.cc */ = {isa = PBXFileReference; fileEncoding = 4; lastKnownFileType = sourcecode.cpp.cpp; name = PYPLuaConverterCandidates.cc; path = "ibus-libpinyin/src/PYPLuaConverterCandidates.cc"; sourceTree = "<group>"; };
		142857D126D967F200480DF0 /* PYPunctEditor.h */ = {isa = PBXFileReference; fileEncoding = 4; lastKnownFileType = sourcecode.c.h; name = PYPunctEditor.h; path = "ibus-libpinyin/src/PYPunctEditor.h"; sourceTree = "<group>"; };
		142857D226D967F200480DF0 /* PYProperty.h */ = {isa = PBXFileReference; fileEncoding = 4; lastKnownFileType = sourcecode.c.h; name = PYProperty.h; path = "ibus-libpinyin/src/PYProperty.h"; sourceTree = "<group>"; };
		142857D326D967F200480DF0 /* PYEnglishEditor.cc */ = {isa = PBXFileReference; fileEncoding = 4; lastKnownFileType = sourcecode.cpp.cpp; name = PYEnglishEditor.cc; path = "ibus-libpinyin/src/PYEnglishEditor.cc"; sourceTree = "<group>"; };
		142857D426D967F200480DF0 /* PYEditor.cc */ = {isa = PBXFileReference; fileEncoding = 4; lastKnownFileType = sourcecode.cpp.cpp; name = PYEditor.cc; path = "ibus-libpinyin/src/PYEditor.cc"; sourceTree = "<group>"; };
		142857D526D967F200480DF0 /* PYPunctEditor.cc */ = {isa = PBXFileReference; fileEncoding = 4; lastKnownFileType = sourcecode.cpp.cpp; name = PYPunctEditor.cc; path = "ibus-libpinyin/src/PYPunctEditor.cc"; sourceTree = "<group>"; };
		142857D626D967F200480DF0 /* PYTypes.h */ = {isa = PBXFileReference; fileEncoding = 4; lastKnownFileType = sourcecode.c.h; name = PYTypes.h; path = "ibus-libpinyin/src/PYTypes.h"; sourceTree = "<group>"; };
		142857D726D967F200480DF0 /* PYFallbackEditor.cc */ = {isa = PBXFileReference; fileEncoding = 4; lastKnownFileType = sourcecode.cpp.cpp; name = PYFallbackEditor.cc; path = "ibus-libpinyin/src/PYFallbackEditor.cc"; sourceTree = "<group>"; };
		142857D826D967F200480DF0 /* PYPSuggestionEditor.h */ = {isa = PBXFileReference; fileEncoding = 4; lastKnownFileType = sourcecode.c.h; name = PYPSuggestionEditor.h; path = "ibus-libpinyin/src/PYPSuggestionEditor.h"; sourceTree = "<group>"; };
		142857D926D967F200480DF0 /* PYSimpTradConverterTable.h */ = {isa = PBXFileReference; fileEncoding = 4; lastKnownFileType = sourcecode.c.h; name = PYSimpTradConverterTable.h; path = "ibus-libpinyin/src/PYSimpTradConverterTable.h"; sourceTree = "<group>"; };
		142857DA26D967F200480DF0 /* special_table */ = {isa = PBXFileReference; fileEncoding = 4; lastKnownFileType = text; name = special_table; path = "ibus-libpinyin/src/special_table"; sourceTree = "<group>"; };
		142857DB26D967F200480DF0 /* PYPFullPinyinEditor.cc */ = {isa = PBXFileReference; fileEncoding = 4; lastKnownFileType = sourcecode.cpp.cpp; name = PYPFullPinyinEditor.cc; path = "ibus-libpinyin/src/PYPFullPinyinEditor.cc"; sourceTree = "<group>"; };
		142857DC26D967F200480DF0 /* PYLookupTable.h */ = {isa = PBXFileReference; fileEncoding = 4; lastKnownFileType = sourcecode.c.h; name = PYLookupTable.h; path = "ibus-libpinyin/src/PYLookupTable.h"; sourceTree = "<group>"; };
		142857DD26D967F200480DF0 /* PYPPhoneticEditor.cc */ = {isa = PBXFileReference; fileEncoding = 4; lastKnownFileType = sourcecode.cpp.cpp; name = PYPPhoneticEditor.cc; path = "ibus-libpinyin/src/PYPPhoneticEditor.cc"; sourceTree = "<group>"; };
		142857DE26D967F200480DF0 /* PYExtEditor.cc */ = {isa = PBXFileReference; fileEncoding = 4; lastKnownFileType = sourcecode.cpp.cpp; name = PYExtEditor.cc; path = "ibus-libpinyin/src/PYExtEditor.cc"; sourceTree = "<group>"; };
		142857DF26D967F200480DF0 /* PYSignal.h */ = {isa = PBXFileReference; fileEncoding = 4; lastKnownFileType = sourcecode.c.h; name = PYSignal.h; path = "ibus-libpinyin/src/PYSignal.h"; sourceTree = "<group>"; };
		142857E026D967F200480DF0 /* PYPPinyinEngine.cc */ = {isa = PBXFileReference; fileEncoding = 4; lastKnownFileType = sourcecode.cpp.cpp; name = PYPPinyinEngine.cc; path = "ibus-libpinyin/src/PYPPinyinEngine.cc"; sourceTree = "<group>"; };
		142857E126D967F200480DF0 /* PYPSuggestionCandidates.cc */ = {isa = PBXFileReference; fileEncoding = 4; lastKnownFileType = sourcecode.cpp.cpp; name = PYPSuggestionCandidates.cc; path = "ibus-libpinyin/src/PYPSuggestionCandidates.cc"; sourceTree = "<group>"; };
		142857E226D967F200480DF0 /* PYRawEditor.h */ = {isa = PBXFileReference; fileEncoding = 4; lastKnownFileType = sourcecode.c.h; name = PYRawEditor.h; path = "ibus-libpinyin/src/PYRawEditor.h"; sourceTree = "<group>"; };
		142857E326D967F200480DF0 /* PYPPhoneticEditor.h */ = {isa = PBXFileReference; fileEncoding = 4; lastKnownFileType = sourcecode.c.h; name = PYPPhoneticEditor.h; path = "ibus-libpinyin/src/PYPPhoneticEditor.h"; sourceTree = "<group>"; };
		142857E426D967F200480DF0 /* PYPBopomofoEditor.cc */ = {isa = PBXFileReference; fileEncoding = 4; lastKnownFileType = sourcecode.cpp.cpp; name = PYPBopomofoEditor.cc; path = "ibus-libpinyin/src/PYPBopomofoEditor.cc"; sourceTree = "<group>"; };
		142857E526D967F200480DF0 /* PYPEnhancedCandidates.h */ = {isa = PBXFileReference; fileEncoding = 4; lastKnownFileType = sourcecode.c.h; name = PYPEnhancedCandidates.h; path = "ibus-libpinyin/src/PYPEnhancedCandidates.h"; sourceTree = "<group>"; };
		142857E626D967F200480DF0 /* PYPointer.h */ = {isa = PBXFileReference; fileEncoding = 4; lastKnownFileType = sourcecode.c.h; name = PYPointer.h; path = "ibus-libpinyin/src/PYPointer.h"; sourceTree = "<group>"; };
		142857E726D967F200480DF0 /* PYPTradCandidates.h */ = {isa = PBXFileReference; fileEncoding = 4; lastKnownFileType = sourcecode.c.h; name = PYPTradCandidates.h; path = "ibus-libpinyin/src/PYPTradCandidates.h"; sourceTree = "<group>"; };
		142857E826D967F200480DF0 /* PYEditor.h */ = {isa = PBXFileReference; fileEncoding = 4; lastKnownFileType = sourcecode.c.h; name = PYEditor.h; path = "ibus-libpinyin/src/PYEditor.h"; sourceTree = "<group>"; };
		142857E926D967F200480DF0 /* PYPDoublePinyinEditor.cc */ = {isa = PBXFileReference; fileEncoding = 4; lastKnownFileType = sourcecode.cpp.cpp; name = PYPDoublePinyinEditor.cc; path = "ibus-libpinyin/src/PYPDoublePinyinEditor.cc"; sourceTree = "<group>"; };
		142857EA26D967F200480DF0 /* PYHalfFullConverter.h */ = {isa = PBXFileReference; fileEncoding = 4; lastKnownFileType = sourcecode.c.h; name = PYHalfFullConverter.h; path = "ibus-libpinyin/src/PYHalfFullConverter.h"; sourceTree = "<group>"; };
		142857EB26D967F200480DF0 /* PYLibPinyin.h */ = {isa = PBXFileReference; fileEncoding = 4; lastKnownFileType = sourcecode.c.h; name = PYLibPinyin.h; path = "ibus-libpinyin/src/PYLibPinyin.h"; sourceTree = "<group>"; };
		142857EC26D967F200480DF0 /* PYPCloudCandidates.h */ = {isa = PBXFileReference; fileEncoding = 4; lastKnownFileType = sourcecode.c.h; name = PYPCloudCandidates.h; path = "ibus-libpinyin/src/PYPCloudCandidates.h"; sourceTree = "<group>"; };
		142857ED26D967F200480DF0 /* PYPLibPinyinCandidates.h */ = {isa = PBXFileReference; fileEncoding = 4; lastKnownFileType = sourcecode.c.h; name = PYPLibPinyinCandidates.h; path = "ibus-libpinyin/src/PYPLibPinyinCandidates.h"; sourceTree = "<group>"; };
		142857EE26D967F200480DF0 /* PYPConfig.cc */ = {isa = PBXFileReference; fileEncoding = 4; lastKnownFileType = sourcecode.cpp.cpp; name = PYPConfig.cc; path = "ibus-libpinyin/src/PYPConfig.cc"; sourceTree = "<group>"; };
		142857EF26D967F200480DF0 /* PYPEmojiTable.h */ = {isa = PBXFileReference; fileEncoding = 4; lastKnownFileType = sourcecode.c.h; name = PYPEmojiTable.h; path = "ibus-libpinyin/src/PYPEmojiTable.h"; sourceTree = "<group>"; };
		142857F026D967F200480DF0 /* PYObject.h */ = {isa = PBXFileReference; fileEncoding = 4; lastKnownFileType = sourcecode.c.h; name = PYObject.h; path = "ibus-libpinyin/src/PYObject.h"; sourceTree = "<group>"; };
		142857F126D967F200480DF0 /* PYPEmojiCandidates.h */ = {isa = PBXFileReference; fileEncoding = 4; lastKnownFileType = sourcecode.c.h; name = PYPEmojiCandidates.h; path = "ibus-libpinyin/src/PYPEmojiCandidates.h"; sourceTree = "<group>"; };
		142857F226D967F200480DF0 /* PYPLibPinyinCandidates.cc */ = {isa = PBXFileReference; fileEncoding = 4; lastKnownFileType = sourcecode.cpp.cpp; name = PYPLibPinyinCandidates.cc; path = "ibus-libpinyin/src/PYPLibPinyinCandidates.cc"; sourceTree = "<group>"; };
		142857F326D967F200480DF0 /* PYPPinyinEngine.h */ = {isa = PBXFileReference; fileEncoding = 4; lastKnownFileType = sourcecode.c.h; name = PYPPinyinEngine.h; path = "ibus-libpinyin/src/PYPPinyinEngine.h"; sourceTree = "<group>"; };
		142857F426D967F200480DF0 /* PYStrokeEditor.h */ = {isa = PBXFileReference; fileEncoding = 4; lastKnownFileType = sourcecode.c.h; name = PYStrokeEditor.h; path = "ibus-libpinyin/src/PYStrokeEditor.h"; sourceTree = "<group>"; };
		142857F526D967F200480DF0 /* PYPConfig.h */ = {isa = PBXFileReference; fileEncoding = 4; lastKnownFileType = sourcecode.c.h; name = PYPConfig.h; path = "ibus-libpinyin/src/PYPConfig.h"; sourceTree = "<group>"; };
		142857F626D967F200480DF0 /* PYEngine.h */ = {isa = PBXFileReference; fileEncoding = 4; lastKnownFileType = sourcecode.c.h; name = PYEngine.h; path = "ibus-libpinyin/src/PYEngine.h"; sourceTree = "<group>"; };
		142857F726D967F200480DF0 /* PYPSuggestionEditor.cc */ = {isa = PBXFileReference; fileEncoding = 4; lastKnownFileType = sourcecode.cpp.cpp; name = PYPSuggestionEditor.cc; path = "ibus-libpinyin/src/PYPSuggestionEditor.cc"; sourceTree = "<group>"; };
		142857F826D967F200480DF0 /* PYPunctTable.h */ = {isa = PBXFileReference; fileEncoding = 4; lastKnownFileType = sourcecode.c.h; name = PYPunctTable.h; path = "ibus-libpinyin/src/PYPunctTable.h"; sourceTree = "<group>"; };
		142857F926D967F200480DF0 /* PYEnglishEditor.h */ = {isa = PBXFileReference; fileEncoding = 4; lastKnownFileType = sourcecode.c.h; name = PYEnglishEditor.h; path = "ibus-libpinyin/src/PYEnglishEditor.h"; sourceTree = "<group>"; };
		142857FA26D967F200480DF0 /* PYConfig.cc */ = {isa = PBXFileReference; fileEncoding = 4; lastKnownFileType = sourcecode.cpp.cpp; name = PYConfig.cc; path = "ibus-libpinyin/src/PYConfig.cc"; sourceTree = "<group>"; };
		142857FB26D967F200480DF0 /* PYPSuggestionCandidates.h */ = {isa = PBXFileReference; fileEncoding = 4; lastKnownFileType = sourcecode.c.h; name = PYPSuggestionCandidates.h; path = "ibus-libpinyin/src/PYPSuggestionCandidates.h"; sourceTree = "<group>"; };
		142857FD26D967F200480DF0 /* PYConfig.h */ = {isa = PBXFileReference; fileEncoding = 4; lastKnownFileType = sourcecode.c.h; name = PYConfig.h; path = "ibus-libpinyin/src/PYConfig.h"; sourceTree = "<group>"; };
		142857FF26D967F200480DF0 /* PYSimpTradConverter.h */ = {isa = PBXFileReference; fileEncoding = 4; lastKnownFileType = sourcecode.c.h; name = PYSimpTradConverter.h; path = "ibus-libpinyin/src/PYSimpTradConverter.h"; sourceTree = "<group>"; };
		1428580126D967F300480DF0 /* PYFallbackEditor.h */ = {isa = PBXFileReference; fileEncoding = 4; lastKnownFileType = sourcecode.c.h; name = PYFallbackEditor.h; path = "ibus-libpinyin/src/PYFallbackEditor.h"; sourceTree = "<group>"; };
		1428580226D967F300480DF0 /* PYPinyinProperties.h */ = {isa = PBXFileReference; fileEncoding = 4; lastKnownFileType = sourcecode.c.h; name = PYPinyinProperties.h; path = "ibus-libpinyin/src/PYPinyinProperties.h"; sourceTree = "<group>"; };
		1428582526D9741300480DF0 /* ibusenginedesc.h */ = {isa = PBXFileReference; fileEncoding = 4; lastKnownFileType = sourcecode.c.h; path = ibusenginedesc.h; sourceTree = "<group>"; };
		1428582626D9741300480DF0 /* ibusproperty.h */ = {isa = PBXFileReference; fileEncoding = 4; lastKnownFileType = sourcecode.c.h; path = ibusproperty.h; sourceTree = "<group>"; };
		1428582726D9741300480DF0 /* ibusattrlist.h */ = {isa = PBXFileReference; fileEncoding = 4; lastKnownFileType = sourcecode.c.h; path = ibusattrlist.h; sourceTree = "<group>"; };
		1428582826D9741300480DF0 /* ibusinputcontext.h */ = {isa = PBXFileReference; fileEncoding = 4; lastKnownFileType = sourcecode.c.h; path = ibusinputcontext.h; sourceTree = "<group>"; };
		1428582926D9741300480DF0 /* ibusobject.h */ = {isa = PBXFileReference; fileEncoding = 4; lastKnownFileType = sourcecode.c.h; path = ibusobject.h; sourceTree = "<group>"; };
		1428582A26D9741300480DF0 /* ibusbus.h */ = {isa = PBXFileReference; fileEncoding = 4; lastKnownFileType = sourcecode.c.h; path = ibusbus.h; sourceTree = "<group>"; };
		1428582B26D9741300480DF0 /* ibusservice.h */ = {isa = PBXFileReference; fileEncoding = 4; lastKnownFileType = sourcecode.c.h; path = ibusservice.h; sourceTree = "<group>"; };
		1428582C26D9741300480DF0 /* ibusversion.h */ = {isa = PBXFileReference; fileEncoding = 4; lastKnownFileType = sourcecode.c.h; path = ibusversion.h; sourceTree = "<group>"; };
		1428582D26D9741300480DF0 /* ibustypes.h */ = {isa = PBXFileReference; fileEncoding = 4; lastKnownFileType = sourcecode.c.h; path = ibustypes.h; sourceTree = "<group>"; };
		1428582E26D9741300480DF0 /* ibustext.h */ = {isa = PBXFileReference; fileEncoding = 4; lastKnownFileType = sourcecode.c.h; path = ibustext.h; sourceTree = "<group>"; };
		1428582F26D9741300480DF0 /* ibuskeymap.h */ = {isa = PBXFileReference; fileEncoding = 4; lastKnownFileType = sourcecode.c.h; path = ibuskeymap.h; sourceTree = "<group>"; };
		1428583026D9741300480DF0 /* ibusattribute.h */ = {isa = PBXFileReference; fileEncoding = 4; lastKnownFileType = sourcecode.c.h; path = ibusattribute.h; sourceTree = "<group>"; };
		1428583126D9741300480DF0 /* ibus.h */ = {isa = PBXFileReference; fileEncoding = 4; lastKnownFileType = sourcecode.c.h; path = ibus.h; sourceTree = "<group>"; };
		1428583226D9741300480DF0 /* ibusdebug.h */ = {isa = PBXFileReference; fileEncoding = 4; lastKnownFileType = sourcecode.c.h; path = ibusdebug.h; sourceTree = "<group>"; };
		1428583326D9741300480DF0 /* ibuskeys.h */ = {isa = PBXFileReference; fileEncoding = 4; lastKnownFileType = sourcecode.c.h; path = ibuskeys.h; sourceTree = "<group>"; };
		1428583426D9741300480DF0 /* ibusserializable.h */ = {isa = PBXFileReference; fileEncoding = 4; lastKnownFileType = sourcecode.c.h; path = ibusserializable.h; sourceTree = "<group>"; };
		1428583526D9741300480DF0 /* ibuscomponent.h */ = {isa = PBXFileReference; fileEncoding = 4; lastKnownFileType = sourcecode.c.h; path = ibuscomponent.h; sourceTree = "<group>"; };
		1428583626D9741300480DF0 /* ibushotkey.h */ = {isa = PBXFileReference; fileEncoding = 4; lastKnownFileType = sourcecode.c.h; path = ibushotkey.h; sourceTree = "<group>"; };
		1428583726D9741300480DF0 /* ibuserror.h */ = {isa = PBXFileReference; fileEncoding = 4; lastKnownFileType = sourcecode.c.h; path = ibuserror.h; sourceTree = "<group>"; };
		1428583826D9741300480DF0 /* ibusenumtypes.h */ = {isa = PBXFileReference; fileEncoding = 4; lastKnownFileType = sourcecode.c.h; path = ibusenumtypes.h; sourceTree = "<group>"; };
		1428583926D9741300480DF0 /* ibusconfig.h */ = {isa = PBXFileReference; fileEncoding = 4; lastKnownFileType = sourcecode.c.h; path = ibusconfig.h; sourceTree = "<group>"; };
		1428583A26D9741300480DF0 /* ibuskeysyms.h */ = {isa = PBXFileReference; fileEncoding = 4; lastKnownFileType = sourcecode.c.h; path = ibuskeysyms.h; sourceTree = "<group>"; };
		1428583B26D9741300480DF0 /* ibuslookuptable.h */ = {isa = PBXFileReference; fileEncoding = 4; lastKnownFileType = sourcecode.c.h; path = ibuslookuptable.h; sourceTree = "<group>"; };
		1428583C26D9741300480DF0 /* ibusemoji.h */ = {isa = PBXFileReference; fileEncoding = 4; lastKnownFileType = sourcecode.c.h; path = ibusemoji.h; sourceTree = "<group>"; };
		1428583D26D9741300480DF0 /* ibusxml.h */ = {isa = PBXFileReference; fileEncoding = 4; lastKnownFileType = sourcecode.c.h; path = ibusxml.h; sourceTree = "<group>"; };
		1428583E26D9741300480DF0 /* ibuspanelservice.h */ = {isa = PBXFileReference; fileEncoding = 4; lastKnownFileType = sourcecode.c.h; path = ibuspanelservice.h; sourceTree = "<group>"; };
		1428583F26D9741300480DF0 /* ibusengine.h */ = {isa = PBXFileReference; fileEncoding = 4; lastKnownFileType = sourcecode.c.h; path = ibusengine.h; sourceTree = "<group>"; };
		1428584026D9741300480DF0 /* ibusconfigservice.h */ = {isa = PBXFileReference; fileEncoding = 4; lastKnownFileType = sourcecode.c.h; path = ibusconfigservice.h; sourceTree = "<group>"; };
		1428584126D9741300480DF0 /* ibusregistry.h */ = {isa = PBXFileReference; fileEncoding = 4; lastKnownFileType = sourcecode.c.h; path = ibusregistry.h; sourceTree = "<group>"; };
		1428584226D9741300480DF0 /* ibusutil.h */ = {isa = PBXFileReference; fileEncoding = 4; lastKnownFileType = sourcecode.c.h; path = ibusutil.h; sourceTree = "<group>"; };
		1428584326D9741300480DF0 /* ibusenginesimple.h */ = {isa = PBXFileReference; fileEncoding = 4; lastKnownFileType = sourcecode.c.h; path = ibusenginesimple.h; sourceTree = "<group>"; };
		1428584426D9741300480DF0 /* ibusshare.h */ = {isa = PBXFileReference; fileEncoding = 4; lastKnownFileType = sourcecode.c.h; path = ibusshare.h; sourceTree = "<group>"; };
		1428584526D9741300480DF0 /* ibusfactory.h */ = {isa = PBXFileReference; fileEncoding = 4; lastKnownFileType = sourcecode.c.h; path = ibusfactory.h; sourceTree = "<group>"; };
		1428584626D9741300480DF0 /* ibusproplist.h */ = {isa = PBXFileReference; fileEncoding = 4; lastKnownFileType = sourcecode.c.h; path = ibusproplist.h; sourceTree = "<group>"; };
		1428584726D9741300480DF0 /* ibusproxy.h */ = {isa = PBXFileReference; fileEncoding = 4; lastKnownFileType = sourcecode.c.h; path = ibusproxy.h; sourceTree = "<group>"; };
		1428584826D9741300480DF0 /* ibusobservedpath.h */ = {isa = PBXFileReference; fileEncoding = 4; lastKnownFileType = sourcecode.c.h; path = ibusobservedpath.h; sourceTree = "<group>"; };
		1428584926D9741300480DF0 /* ibuskeysyms-compat.h */ = {isa = PBXFileReference; fileEncoding = 4; lastKnownFileType = sourcecode.c.h; path = "ibuskeysyms-compat.h"; sourceTree = "<group>"; };
		144009C625F8CD4B0023D072 /* LibpinyinFullPinyinEditor.h */ = {isa = PBXFileReference; lastKnownFileType = sourcecode.c.h; path = LibpinyinFullPinyinEditor.h; sourceTree = "<group>"; };
		144009C725F8CD4B0023D072 /* LibpinyinFullPinyinEditor.m */ = {isa = PBXFileReference; lastKnownFileType = sourcecode.c.objc; path = LibpinyinFullPinyinEditor.m; sourceTree = "<group>"; };
		144009CE25F8D96F0023D072 /* LibpinyinBackend.h */ = {isa = PBXFileReference; lastKnownFileType = sourcecode.c.h; path = LibpinyinBackend.h; sourceTree = "<group>"; };
		144009CF25F8D96F0023D072 /* LibpinyinBackend.m */ = {isa = PBXFileReference; lastKnownFileType = sourcecode.c.objc; path = LibpinyinBackend.m; sourceTree = "<group>"; };
		144009E525F933EC0023D072 /* MakibusLibpinyinController.h */ = {isa = PBXFileReference; lastKnownFileType = sourcecode.c.h; path = MakibusLibpinyinController.h; sourceTree = "<group>"; };
		144009E625F933EC0023D072 /* MakibusLibpinyinController.m */ = {isa = PBXFileReference; lastKnownFileType = sourcecode.c.objc; path = MakibusLibpinyinController.m; sourceTree = "<group>"; };
		144009E925F934AE0023D072 /* InputMethodKit.framework */ = {isa = PBXFileReference; lastKnownFileType = wrapper.framework; name = InputMethodKit.framework; path = System/Library/Frameworks/InputMethodKit.framework; sourceTree = SDKROOT; };
		14D0130725F3AA73004C36F8 /* makibus-libpinyin.app */ = {isa = PBXFileReference; explicitFileType = wrapper.application; includeInIndex = 0; path = "makibus-libpinyin.app"; sourceTree = BUILT_PRODUCTS_DIR; };
		14D0130A25F3AA73004C36F8 /* AppDelegate.h */ = {isa = PBXFileReference; lastKnownFileType = sourcecode.c.h; path = AppDelegate.h; sourceTree = "<group>"; };
		14D0130B25F3AA73004C36F8 /* AppDelegate.m */ = {isa = PBXFileReference; lastKnownFileType = sourcecode.c.objc; path = AppDelegate.m; sourceTree = "<group>"; };
		14D0130D25F3AA74004C36F8 /* Assets.xcassets */ = {isa = PBXFileReference; lastKnownFileType = folder.assetcatalog; path = Assets.xcassets; sourceTree = "<group>"; };
		14D0131025F3AA74004C36F8 /* Base */ = {isa = PBXFileReference; lastKnownFileType = file.xib; name = Base; path = Base.lproj/MainMenu.xib; sourceTree = "<group>"; };
		14D0131225F3AA74004C36F8 /* Info.plist */ = {isa = PBXFileReference; lastKnownFileType = text.plist.xml; path = Info.plist; sourceTree = "<group>"; };
		14D0131325F3AA74004C36F8 /* main.m */ = {isa = PBXFileReference; lastKnownFileType = sourcecode.c.objc; path = main.m; sourceTree = "<group>"; };
		14D0131525F3AA74004C36F8 /* makibus_libpinyin.entitlements */ = {isa = PBXFileReference; lastKnownFileType = text.plist.entitlements; path = makibus_libpinyin.entitlements; sourceTree = "<group>"; };
		14D0131D25F3AAC1004C36F8 /* libcrypto.a */ = {isa = PBXFileReference; lastKnownFileType = archive.ar; path = libcrypto.a; sourceTree = "<group>"; };
		14D0131E25F3AAC1004C36F8 /* libpinyin.a */ = {isa = PBXFileReference; lastKnownFileType = archive.ar; path = libpinyin.a; sourceTree = "<group>"; };
		14D0131F25F3AAC1004C36F8 /* libglib-2.0.a */ = {isa = PBXFileReference; lastKnownFileType = archive.ar; path = "libglib-2.0.a"; sourceTree = "<group>"; };
		14D0132025F3AAC1004C36F8 /* libssl.a */ = {isa = PBXFileReference; lastKnownFileType = archive.ar; path = libssl.a; sourceTree = "<group>"; };
		14D0132125F3AAC1004C36F8 /* libintl.a */ = {isa = PBXFileReference; lastKnownFileType = archive.ar; path = libintl.a; sourceTree = "<group>"; };
		14D0132225F3AAC1004C36F8 /* libdb.a */ = {isa = PBXFileReference; lastKnownFileType = archive.ar; path = libdb.a; sourceTree = "<group>"; };
		14D0132425F3AAC1004C36F8 /* gb_char.bin */ = {isa = PBXFileReference; lastKnownFileType = archive.macbinary; path = gb_char.bin; sourceTree = "<group>"; };
		14D0132525F3AAC1004C36F8 /* life.bin */ = {isa = PBXFileReference; lastKnownFileType = archive.macbinary; path = life.bin; sourceTree = "<group>"; };
		14D0132625F3AAC1004C36F8 /* phrase_index.bin */ = {isa = PBXFileReference; lastKnownFileType = archive.macbinary; path = phrase_index.bin; sourceTree = "<group>"; };
		14D0132725F3AAC1004C36F8 /* sport.bin */ = {isa = PBXFileReference; lastKnownFileType = archive.macbinary; path = sport.bin; sourceTree = "<group>"; };
		14D0132825F3AAC1004C36F8 /* geology.bin */ = {isa = PBXFileReference; lastKnownFileType = archive.macbinary; path = geology.bin; sourceTree = "<group>"; };
		14D0132925F3AAC1004C36F8 /* pinyin_index.bin */ = {isa = PBXFileReference; lastKnownFileType = archive.macbinary; path = pinyin_index.bin; sourceTree = "<group>"; };
		14D0132A25F3AAC1004C36F8 /* science.bin */ = {isa = PBXFileReference; lastKnownFileType = archive.macbinary; path = science.bin; sourceTree = "<group>"; };
		14D0132B25F3AAC1004C36F8 /* merged.bin */ = {isa = PBXFileReference; lastKnownFileType = archive.macbinary; path = merged.bin; sourceTree = "<group>"; };
		14D0132C25F3AAC1004C36F8 /* addon_pinyin_index.bin */ = {isa = PBXFileReference; lastKnownFileType = archive.macbinary; path = addon_pinyin_index.bin; sourceTree = "<group>"; };
		14D0132D25F3AAC1004C36F8 /* art.bin */ = {isa = PBXFileReference; lastKnownFileType = archive.macbinary; path = art.bin; sourceTree = "<group>"; };
		14D0132E25F3AAC1004C36F8 /* economy.bin */ = {isa = PBXFileReference; lastKnownFileType = archive.macbinary; path = economy.bin; sourceTree = "<group>"; };
		14D0132F25F3AAC1004C36F8 /* people.bin */ = {isa = PBXFileReference; lastKnownFileType = archive.macbinary; path = people.bin; sourceTree = "<group>"; };
		14D0133025F3AAC1004C36F8 /* opengram.bin */ = {isa = PBXFileReference; lastKnownFileType = archive.macbinary; path = opengram.bin; sourceTree = "<group>"; };
		14D0133125F3AAC1004C36F8 /* culture.bin */ = {isa = PBXFileReference; lastKnownFileType = archive.macbinary; path = culture.bin; sourceTree = "<group>"; };
		14D0133225F3AAC1004C36F8 /* history.bin */ = {isa = PBXFileReference; lastKnownFileType = archive.macbinary; path = history.bin; sourceTree = "<group>"; };
		14D0133325F3AAC1004C36F8 /* technology.bin */ = {isa = PBXFileReference; lastKnownFileType = archive.macbinary; path = technology.bin; sourceTree = "<group>"; };
		14D0133425F3AAC1004C36F8 /* bigram.db */ = {isa = PBXFileReference; lastKnownFileType = file; path = bigram.db; sourceTree = "<group>"; };
		14D0133525F3AAC1004C36F8 /* table.conf */ = {isa = PBXFileReference; fileEncoding = 4; lastKnownFileType = text; path = table.conf; sourceTree = "<group>"; };
		14D0133625F3AAC1004C36F8 /* addon_phrase_index.bin */ = {isa = PBXFileReference; lastKnownFileType = archive.macbinary; path = addon_phrase_index.bin; sourceTree = "<group>"; };
		14D0133725F3AAC1004C36F8 /* gbk_char.bin */ = {isa = PBXFileReference; lastKnownFileType = archive.macbinary; path = gbk_char.bin; sourceTree = "<group>"; };
		14D0133825F3AAC1004C36F8 /* society.bin */ = {isa = PBXFileReference; lastKnownFileType = archive.macbinary; path = society.bin; sourceTree = "<group>"; };
		14D0133925F3AAC1004C36F8 /* nature.bin */ = {isa = PBXFileReference; lastKnownFileType = archive.macbinary; path = nature.bin; sourceTree = "<group>"; };
		14D0135825F3AADA004C36F8 /* libc++.tbd */ = {isa = PBXFileReference; lastKnownFileType = "sourcecode.text-based-dylib-definition"; name = "libc++.tbd"; path = "usr/lib/libc++.tbd"; sourceTree = SDKROOT; };
		14D0135925F3AADA004C36F8 /* libc.tbd */ = {isa = PBXFileReference; lastKnownFileType = "sourcecode.text-based-dylib-definition"; name = libc.tbd; path = usr/lib/libc.tbd; sourceTree = SDKROOT; };
		14D0135D25F3AAE8004C36F8 /* libiconv.tbd */ = {isa = PBXFileReference; lastKnownFileType = "sourcecode.text-based-dylib-definition"; name = libiconv.tbd; path = usr/lib/libiconv.tbd; sourceTree = SDKROOT; };
		14D2F044260A01E9005C21A9 /* Utils.h */ = {isa = PBXFileReference; lastKnownFileType = sourcecode.c.h; path = Utils.h; sourceTree = "<group>"; };
		14D2F045260A01E9005C21A9 /* Utils.m */ = {isa = PBXFileReference; lastKnownFileType = sourcecode.c.objc; path = Utils.m; sourceTree = "<group>"; };
		14D2F048260A0E1E005C21A9 /* LibpinyinDoublePinyinEditor.h */ = {isa = PBXFileReference; lastKnownFileType = sourcecode.c.h; path = LibpinyinDoublePinyinEditor.h; sourceTree = "<group>"; };
		14D2F049260A0E1E005C21A9 /* LibpinyinDoublePinyinEditor.m */ = {isa = PBXFileReference; lastKnownFileType = sourcecode.c.objc; path = LibpinyinDoublePinyinEditor.m; sourceTree = "<group>"; };
		14D2F04F260BCE84005C21A9 /* LibpinyinPunctEditor.h */ = {isa = PBXFileReference; lastKnownFileType = sourcecode.c.h; path = LibpinyinPunctEditor.h; sourceTree = "<group>"; };
		14D2F050260BCE84005C21A9 /* LibpinyinPunctEditor.m */ = {isa = PBXFileReference; lastKnownFileType = sourcecode.c.objc; path = LibpinyinPunctEditor.m; sourceTree = "<group>"; };
		14E6DC7526077E4F00CB1834 /* LibpinyinCandidates.h */ = {isa = PBXFileReference; lastKnownFileType = sourcecode.c.h; path = LibpinyinCandidates.h; sourceTree = "<group>"; };
		14E6DC7626077E4F00CB1834 /* LibpinyinCandidates.m */ = {isa = PBXFileReference; lastKnownFileType = sourcecode.c.objc; path = LibpinyinCandidates.m; sourceTree = "<group>"; };
		14E6DC7926077E6600CB1834 /* Candidates.h */ = {isa = PBXFileReference; lastKnownFileType = sourcecode.c.h; path = Candidates.h; sourceTree = "<group>"; };
		14E6DC7B26078D1800CB1834 /* Candidates.m */ = {isa = PBXFileReference; lastKnownFileType = sourcecode.c.objc; path = Candidates.m; sourceTree = "<group>"; };
		14E9C8F225FE3A1600A2D23F /* LibpinyinDefaultConfig.plist */ = {isa = PBXFileReference; lastKnownFileType = text.plist.xml; path = LibpinyinDefaultConfig.plist; sourceTree = "<group>"; };
/* End PBXFileReference section */

/* Begin PBXFrameworksBuildPhase section */
		14D0130425F3AA73004C36F8 /* Frameworks */ = {
			isa = PBXFrameworksBuildPhase;
			buildActionMask = 2147483647;
			files = (
				14D0133D25F3AAC1004C36F8 /* libssl.a in Frameworks */,
				14D0135A25F3AAE3004C36F8 /* libc++.tbd in Frameworks */,
				14D0135B25F3AAE3004C36F8 /* libc.tbd in Frameworks */,
				14D0133B25F3AAC1004C36F8 /* libpinyin.a in Frameworks */,
				14D0133E25F3AAC1004C36F8 /* libintl.a in Frameworks */,
				14D0133F25F3AAC1004C36F8 /* libdb.a in Frameworks */,
				14D0135E25F3AAEC004C36F8 /* libiconv.tbd in Frameworks */,
				14D0133C25F3AAC1004C36F8 /* libglib-2.0.a in Frameworks */,
				14D0133A25F3AAC1004C36F8 /* libcrypto.a in Frameworks */,
				144009EA25F934AE0023D072 /* InputMethodKit.framework in Frameworks */,
			);
			runOnlyForDeploymentPostprocessing = 0;
		};
/* End PBXFrameworksBuildPhase section */

/* Begin PBXGroup section */
		142857A726D965C100480DF0 /* macos-ime-panel */ = {
			isa = PBXGroup;
			children = (
				142857A826D965C100480DF0 /* MacOSIMETheme.h */,
				142857A926D965C100480DF0 /* LICENSE */,
				142857AA26D965C100480DF0 /* MacOSIMEPanel.m */,
				142857AB26D965C100480DF0 /* highlight.png */,
				142857AC26D965C100480DF0 /* MacOSIMEPanel.h */,
				142857AD26D965C100480DF0 /* panel.png */,
				142857AE26D965C100480DF0 /* MacOSIMETheme.m */,
				142857AF26D965C100480DF0 /* next.png */,
				142857B026D965C100480DF0 /* prev.png */,
			);
			path = "macos-ime-panel";
			sourceTree = "<group>";
		};
		142857B926D967C400480DF0 /* ibus-libpinyin */ = {
			isa = PBXGroup;
			children = (
				142857FA26D967F200480DF0 /* PYConfig.cc */,
				142857FD26D967F200480DF0 /* PYConfig.h */,
				142857D426D967F200480DF0 /* PYEditor.cc */,
				142857E826D967F200480DF0 /* PYEditor.h */,
				142857CC26D967F200480DF0 /* PYEngine.cc */,
				142857F626D967F200480DF0 /* PYEngine.h */,
				142857D326D967F200480DF0 /* PYEnglishEditor.cc */,
				142857F926D967F200480DF0 /* PYEnglishEditor.h */,
				142857DE26D967F200480DF0 /* PYExtEditor.cc */,
				142857BB26D967F200480DF0 /* PYExtEditor.h */,
				142857D726D967F200480DF0 /* PYFallbackEditor.cc */,
				1428580126D967F300480DF0 /* PYFallbackEditor.h */,
				142857C026D967F200480DF0 /* PYHalfFullConverter.cc */,
				142857EA26D967F200480DF0 /* PYHalfFullConverter.h */,
				142857CA26D967F200480DF0 /* PYLibPinyin.cc */,
				142857EB26D967F200480DF0 /* PYLibPinyin.h */,
				142857DC26D967F200480DF0 /* PYLookupTable.h */,
				142857F026D967F200480DF0 /* PYObject.h */,
				142857E426D967F200480DF0 /* PYPBopomofoEditor.cc */,
				142857C426D967F200480DF0 /* PYPBopomofoEditor.h */,
				142857CF26D967F200480DF0 /* PYPCloudCandidates.cc */,
				142857EC26D967F200480DF0 /* PYPCloudCandidates.h */,
				142857EE26D967F200480DF0 /* PYPConfig.cc */,
				142857F526D967F200480DF0 /* PYPConfig.h */,
				142857E926D967F200480DF0 /* PYPDoublePinyinEditor.cc */,
				142857C826D967F200480DF0 /* PYPDoublePinyinEditor.h */,
				142857C626D967F200480DF0 /* PYPEmojiCandidates.cc */,
				142857F126D967F200480DF0 /* PYPEmojiCandidates.h */,
				142857EF26D967F200480DF0 /* PYPEmojiTable.h */,
				142857E526D967F200480DF0 /* PYPEnhancedCandidates.h */,
				142857DB26D967F200480DF0 /* PYPFullPinyinEditor.cc */,
				142857BE26D967F200480DF0 /* PYPFullPinyinEditor.h */,
				142857CB26D967F200480DF0 /* PYPinyinProperties.cc */,
				1428580226D967F300480DF0 /* PYPinyinProperties.h */,
				142857F226D967F200480DF0 /* PYPLibPinyinCandidates.cc */,
				142857ED26D967F200480DF0 /* PYPLibPinyinCandidates.h */,
				142857D026D967F200480DF0 /* PYPLuaConverterCandidates.cc */,
				142857BC26D967F200480DF0 /* PYPLuaConverterCandidates.h */,
				142857CD26D967F200480DF0 /* PYPLuaTriggerCandidates.cc */,
				142857C326D967F200480DF0 /* PYPLuaTriggerCandidates.h */,
				142857E626D967F200480DF0 /* PYPointer.h */,
				142857DD26D967F200480DF0 /* PYPPhoneticEditor.cc */,
				142857E326D967F200480DF0 /* PYPPhoneticEditor.h */,
				142857C926D967F200480DF0 /* PYPPinyinEditor.cc */,
				142857CE26D967F200480DF0 /* PYPPinyinEditor.h */,
				142857E026D967F200480DF0 /* PYPPinyinEngine.cc */,
				142857F326D967F200480DF0 /* PYPPinyinEngine.h */,
				142857D226D967F200480DF0 /* PYProperty.h */,
				142857E126D967F200480DF0 /* PYPSuggestionCandidates.cc */,
				142857FB26D967F200480DF0 /* PYPSuggestionCandidates.h */,
				142857F726D967F200480DF0 /* PYPSuggestionEditor.cc */,
				142857D826D967F200480DF0 /* PYPSuggestionEditor.h */,
				142857C126D967F200480DF0 /* PYPTradCandidates.cc */,
				142857E726D967F200480DF0 /* PYPTradCandidates.h */,
				142857D526D967F200480DF0 /* PYPunctEditor.cc */,
				142857D126D967F200480DF0 /* PYPunctEditor.h */,
				142857F826D967F200480DF0 /* PYPunctTable.h */,
				142857E226D967F200480DF0 /* PYRawEditor.h */,
				142857DF26D967F200480DF0 /* PYSignal.h */,
				142857BA26D967F200480DF0 /* PYSimpTradConverter.cc */,
				142857FF26D967F200480DF0 /* PYSimpTradConverter.h */,
				142857D926D967F200480DF0 /* PYSimpTradConverterTable.h */,
				142857BF26D967F200480DF0 /* PYString.h */,
				142857BD26D967F200480DF0 /* PYStrokeEditor.cc */,
				142857F426D967F200480DF0 /* PYStrokeEditor.h */,
				142857C526D967F200480DF0 /* PYText.h */,
				142857D626D967F200480DF0 /* PYTypes.h */,
				142857C726D967F200480DF0 /* PYUtil.h */,
				142857DA26D967F200480DF0 /* special_table */,
			);
			name = "ibus-libpinyin";
			sourceTree = "<group>";
		};
		1428582126D967FD00480DF0 /* makibus */ = {
			isa = PBXGroup;
			children = (
				1428582426D9741300480DF0 /* ibus */,
			);
			path = makibus;
			sourceTree = "<group>";
		};
		1428582426D9741300480DF0 /* ibus */ = {
			isa = PBXGroup;
			children = (
				1428582526D9741300480DF0 /* ibusenginedesc.h */,
				1428582626D9741300480DF0 /* ibusproperty.h */,
				1428582726D9741300480DF0 /* ibusattrlist.h */,
				1428582826D9741300480DF0 /* ibusinputcontext.h */,
				1428582926D9741300480DF0 /* ibusobject.h */,
				1428582A26D9741300480DF0 /* ibusbus.h */,
				1428582B26D9741300480DF0 /* ibusservice.h */,
				1428582C26D9741300480DF0 /* ibusversion.h */,
				1428582D26D9741300480DF0 /* ibustypes.h */,
				1428582E26D9741300480DF0 /* ibustext.h */,
				1428582F26D9741300480DF0 /* ibuskeymap.h */,
				1428583026D9741300480DF0 /* ibusattribute.h */,
				1428583126D9741300480DF0 /* ibus.h */,
				1428583226D9741300480DF0 /* ibusdebug.h */,
				1428583326D9741300480DF0 /* ibuskeys.h */,
				1428583426D9741300480DF0 /* ibusserializable.h */,
				1428583526D9741300480DF0 /* ibuscomponent.h */,
				1428583626D9741300480DF0 /* ibushotkey.h */,
				1428583726D9741300480DF0 /* ibuserror.h */,
				1428583826D9741300480DF0 /* ibusenumtypes.h */,
				1428583926D9741300480DF0 /* ibusconfig.h */,
				1428583A26D9741300480DF0 /* ibuskeysyms.h */,
				1428583B26D9741300480DF0 /* ibuslookuptable.h */,
				1428583C26D9741300480DF0 /* ibusemoji.h */,
				1428583D26D9741300480DF0 /* ibusxml.h */,
				1428583E26D9741300480DF0 /* ibuspanelservice.h */,
				1428583F26D9741300480DF0 /* ibusengine.h */,
				1428584026D9741300480DF0 /* ibusconfigservice.h */,
				1428584126D9741300480DF0 /* ibusregistry.h */,
				1428584226D9741300480DF0 /* ibusutil.h */,
				1428584326D9741300480DF0 /* ibusenginesimple.h */,
				1428584426D9741300480DF0 /* ibusshare.h */,
				1428584526D9741300480DF0 /* ibusfactory.h */,
				1428584626D9741300480DF0 /* ibusproplist.h */,
				1428584726D9741300480DF0 /* ibusproxy.h */,
				1428584826D9741300480DF0 /* ibusobservedpath.h */,
				1428584926D9741300480DF0 /* ibuskeysyms-compat.h */,
			);
			path = ibus;
			sourceTree = "<group>";
		};
		14D012FE25F3AA73004C36F8 = {
			isa = PBXGroup;
			children = (
				1428582126D967FD00480DF0 /* makibus */,
				142857B926D967C400480DF0 /* ibus-libpinyin */,
				142857A726D965C100480DF0 /* macos-ime-panel */,
				14D0132325F3AAC1004C36F8 /* data */,
				14D0131C25F3AAC1004C36F8 /* lib */,
				14D0130925F3AA73004C36F8 /* makibus-libpinyin */,
				14D0130825F3AA73004C36F8 /* Products */,
				14D0135725F3AADA004C36F8 /* Frameworks */,
			);
			sourceTree = "<group>";
		};
		14D0130825F3AA73004C36F8 /* Products */ = {
			isa = PBXGroup;
			children = (
				14D0130725F3AA73004C36F8 /* makibus-libpinyin.app */,
			);
			name = Products;
			sourceTree = "<group>";
		};
		14D0130925F3AA73004C36F8 /* makibus-libpinyin */ = {
			isa = PBXGroup;
			children = (
				14D0130A25F3AA73004C36F8 /* AppDelegate.h */,
				14D0130B25F3AA73004C36F8 /* AppDelegate.m */,
				14D0130D25F3AA74004C36F8 /* Assets.xcassets */,
				14D0130F25F3AA74004C36F8 /* MainMenu.xib */,
				14D0131225F3AA74004C36F8 /* Info.plist */,
				14D0131325F3AA74004C36F8 /* main.m */,
				14D0131525F3AA74004C36F8 /* makibus_libpinyin.entitlements */,
				1412250E25F8B3CB006D6BB2 /* LibpinyinConfig.h */,
				1412250F25F8B3CB006D6BB2 /* LibpinyinConfig.m */,
				1412251925F8C459006D6BB2 /* LibpinyinEditor.h */,
				144009C625F8CD4B0023D072 /* LibpinyinFullPinyinEditor.h */,
				144009C725F8CD4B0023D072 /* LibpinyinFullPinyinEditor.m */,
				14D2F048260A0E1E005C21A9 /* LibpinyinDoublePinyinEditor.h */,
				14D2F049260A0E1E005C21A9 /* LibpinyinDoublePinyinEditor.m */,
				14D2F04F260BCE84005C21A9 /* LibpinyinPunctEditor.h */,
				14D2F050260BCE84005C21A9 /* LibpinyinPunctEditor.m */,
				144009CE25F8D96F0023D072 /* LibpinyinBackend.h */,
				144009CF25F8D96F0023D072 /* LibpinyinBackend.m */,
				144009E525F933EC0023D072 /* MakibusLibpinyinController.h */,
				144009E625F933EC0023D072 /* MakibusLibpinyinController.m */,
				14E9C8F225FE3A1600A2D23F /* LibpinyinDefaultConfig.plist */,
				14E6DC7526077E4F00CB1834 /* LibpinyinCandidates.h */,
				14E6DC7626077E4F00CB1834 /* LibpinyinCandidates.m */,
				14E6DC7926077E6600CB1834 /* Candidates.h */,
				14E6DC7B26078D1800CB1834 /* Candidates.m */,
				14D2F044260A01E9005C21A9 /* Utils.h */,
				14D2F045260A01E9005C21A9 /* Utils.m */,
			);
			path = "makibus-libpinyin";
			sourceTree = "<group>";
		};
		14D0131C25F3AAC1004C36F8 /* lib */ = {
			isa = PBXGroup;
			children = (
				14D0131D25F3AAC1004C36F8 /* libcrypto.a */,
				14D0131E25F3AAC1004C36F8 /* libpinyin.a */,
				14D0131F25F3AAC1004C36F8 /* libglib-2.0.a */,
				14D0132025F3AAC1004C36F8 /* libssl.a */,
				14D0132125F3AAC1004C36F8 /* libintl.a */,
				14D0132225F3AAC1004C36F8 /* libdb.a */,
			);
			path = lib;
			sourceTree = "<group>";
		};
		14D0132325F3AAC1004C36F8 /* data */ = {
			isa = PBXGroup;
			children = (
				14D0132425F3AAC1004C36F8 /* gb_char.bin */,
				14D0132525F3AAC1004C36F8 /* life.bin */,
				14D0132625F3AAC1004C36F8 /* phrase_index.bin */,
				14D0132725F3AAC1004C36F8 /* sport.bin */,
				14D0132825F3AAC1004C36F8 /* geology.bin */,
				14D0132925F3AAC1004C36F8 /* pinyin_index.bin */,
				14D0132A25F3AAC1004C36F8 /* science.bin */,
				14D0132B25F3AAC1004C36F8 /* merged.bin */,
				14D0132C25F3AAC1004C36F8 /* addon_pinyin_index.bin */,
				14D0132D25F3AAC1004C36F8 /* art.bin */,
				14D0132E25F3AAC1004C36F8 /* economy.bin */,
				14D0132F25F3AAC1004C36F8 /* people.bin */,
				14D0133025F3AAC1004C36F8 /* opengram.bin */,
				14D0133125F3AAC1004C36F8 /* culture.bin */,
				14D0133225F3AAC1004C36F8 /* history.bin */,
				14D0133325F3AAC1004C36F8 /* technology.bin */,
				14D0133425F3AAC1004C36F8 /* bigram.db */,
				14D0133525F3AAC1004C36F8 /* table.conf */,
				14D0133625F3AAC1004C36F8 /* addon_phrase_index.bin */,
				14D0133725F3AAC1004C36F8 /* gbk_char.bin */,
				14D0133825F3AAC1004C36F8 /* society.bin */,
				14D0133925F3AAC1004C36F8 /* nature.bin */,
			);
			path = data;
			sourceTree = "<group>";
		};
		14D0135725F3AADA004C36F8 /* Frameworks */ = {
			isa = PBXGroup;
			children = (
				144009E925F934AE0023D072 /* InputMethodKit.framework */,
				14D0135D25F3AAE8004C36F8 /* libiconv.tbd */,
				14D0135925F3AADA004C36F8 /* libc.tbd */,
				14D0135825F3AADA004C36F8 /* libc++.tbd */,
			);
			name = Frameworks;
			sourceTree = "<group>";
		};
/* End PBXGroup section */

/* Begin PBXNativeTarget section */
		14D0130625F3AA73004C36F8 /* makibus-libpinyin */ = {
			isa = PBXNativeTarget;
			buildConfigurationList = 14D0131825F3AA74004C36F8 /* Build configuration list for PBXNativeTarget "makibus-libpinyin" */;
			buildPhases = (
				14D0130325F3AA73004C36F8 /* Sources */,
				14D0130425F3AA73004C36F8 /* Frameworks */,
				14D0130525F3AA73004C36F8 /* Resources */,
			);
			buildRules = (
			);
			dependencies = (
			);
			name = "makibus-libpinyin";
			productName = "makibus-libpinyin";
			productReference = 14D0130725F3AA73004C36F8 /* makibus-libpinyin.app */;
			productType = "com.apple.product-type.application";
		};
/* End PBXNativeTarget section */

/* Begin PBXProject section */
		14D012FF25F3AA73004C36F8 /* Project object */ = {
			isa = PBXProject;
			attributes = {
				LastUpgradeCheck = 1240;
				TargetAttributes = {
					14D0130625F3AA73004C36F8 = {
						CreatedOnToolsVersion = 12.4;
					};
				};
			};
			buildConfigurationList = 14D0130225F3AA73004C36F8 /* Build configuration list for PBXProject "makibus-libpinyin" */;
			compatibilityVersion = "Xcode 9.3";
			developmentRegion = en;
			hasScannedForEncodings = 0;
			knownRegions = (
				en,
				Base,
			);
			mainGroup = 14D012FE25F3AA73004C36F8;
			productRefGroup = 14D0130825F3AA73004C36F8 /* Products */;
			projectDirPath = "";
			projectRoot = "";
			targets = (
				14D0130625F3AA73004C36F8 /* makibus-libpinyin */,
			);
		};
/* End PBXProject section */

/* Begin PBXResourcesBuildPhase section */
		14D0130525F3AA73004C36F8 /* Resources */ = {
			isa = PBXResourcesBuildPhase;
			buildActionMask = 2147483647;
			files = (
				14D0135525F3AAC1004C36F8 /* nature.bin in Resources */,
				14D0134225F3AAC1004C36F8 /* phrase_index.bin in Resources */,
				142857B126D965C100480DF0 /* LICENSE in Resources */,
				142857B326D965C100480DF0 /* highlight.png in Resources */,
				14D0134825F3AAC1004C36F8 /* addon_pinyin_index.bin in Resources */,
				14E9C8F325FE3A1600A2D23F /* LibpinyinDefaultConfig.plist in Resources */,
				14D0134B25F3AAC1004C36F8 /* people.bin in Resources */,
				1428581426D967F300480DF0 /* special_table in Resources */,
				14D0134625F3AAC1004C36F8 /* science.bin in Resources */,
				14D0134425F3AAC1004C36F8 /* geology.bin in Resources */,
				14D0134F25F3AAC1004C36F8 /* technology.bin in Resources */,
				14D0135325F3AAC1004C36F8 /* gbk_char.bin in Resources */,
				14D0134A25F3AAC1004C36F8 /* economy.bin in Resources */,
				14D0134D25F3AAC1004C36F8 /* culture.bin in Resources */,
				14D0130E25F3AA74004C36F8 /* Assets.xcassets in Resources */,
				14D0131125F3AA74004C36F8 /* MainMenu.xib in Resources */,
				14D0135125F3AAC1004C36F8 /* table.conf in Resources */,
				14D0134725F3AAC1004C36F8 /* merged.bin in Resources */,
				14D0135225F3AAC1004C36F8 /* addon_phrase_index.bin in Resources */,
				14D0134E25F3AAC1004C36F8 /* history.bin in Resources */,
				14D0134025F3AAC1004C36F8 /* gb_char.bin in Resources */,
				14D0135025F3AAC1004C36F8 /* bigram.db in Resources */,
				14D0134525F3AAC1004C36F8 /* pinyin_index.bin in Resources */,
				14D0134925F3AAC1004C36F8 /* art.bin in Resources */,
				14D0135425F3AAC1004C36F8 /* society.bin in Resources */,
				142857B426D965C100480DF0 /* panel.png in Resources */,
				142857B626D965C100480DF0 /* next.png in Resources */,
				142857B726D965C100480DF0 /* prev.png in Resources */,
				14D0134C25F3AAC1004C36F8 /* opengram.bin in Resources */,
				14D0134325F3AAC1004C36F8 /* sport.bin in Resources */,
				14D0134125F3AAC1004C36F8 /* life.bin in Resources */,
			);
			runOnlyForDeploymentPostprocessing = 0;
		};
/* End PBXResourcesBuildPhase section */

/* Begin PBXSourcesBuildPhase section */
		14D0130325F3AA73004C36F8 /* Sources */ = {
			isa = PBXSourcesBuildPhase;
			buildActionMask = 2147483647;
			files = (
				142857B526D965C100480DF0 /* MacOSIMETheme.m in Sources */,
				1428581726D967F300480DF0 /* PYExtEditor.cc in Sources */,
				1428581526D967F300480DF0 /* PYPFullPinyinEditor.cc in Sources */,
				1428581626D967F300480DF0 /* PYPPhoneticEditor.cc in Sources */,
				1428580926D967F300480DF0 /* PYPPinyinEditor.cc in Sources */,
				1428580C26D967F300480DF0 /* PYEngine.cc in Sources */,
				1428581126D967F300480DF0 /* PYEditor.cc in Sources */,
				1428580B26D967F300480DF0 /* PYPinyinProperties.cc in Sources */,
				1428581926D967F300480DF0 /* PYPSuggestionCandidates.cc in Sources */,
				1428581C26D967F300480DF0 /* PYPConfig.cc in Sources */,
				142857B226D965C100480DF0 /* MacOSIMEPanel.m in Sources */,
				14E6DC7726077E4F00CB1834 /* LibpinyinCandidates.m in Sources */,
				14D2F046260A01E9005C21A9 /* Utils.m in Sources */,
				1428581B26D967F300480DF0 /* PYPDoublePinyinEditor.cc in Sources */,
				14D2F051260BCE84005C21A9 /* LibpinyinPunctEditor.m in Sources */,
				1428581026D967F300480DF0 /* PYEnglishEditor.cc in Sources */,
				14D2F04A260A0E1E005C21A9 /* LibpinyinDoublePinyinEditor.m in Sources */,
				14D0131425F3AA74004C36F8 /* main.m in Sources */,
				1412251025F8B3CB006D6BB2 /* LibpinyinConfig.m in Sources */,
				1428581A26D967F300480DF0 /* PYPBopomofoEditor.cc in Sources */,
				144009E725F933EC0023D072 /* MakibusLibpinyinController.m in Sources */,
				1428580526D967F300480DF0 /* PYHalfFullConverter.cc in Sources */,
				1428580326D967F300480DF0 /* PYSimpTradConverter.cc in Sources */,
				1428580E26D967F300480DF0 /* PYPCloudCandidates.cc in Sources */,
				1428580F26D967F300480DF0 /* PYPLuaConverterCandidates.cc in Sources */,
				1428580A26D967F300480DF0 /* PYLibPinyin.cc in Sources */,
				1428581E26D967F300480DF0 /* PYPSuggestionEditor.cc in Sources */,
				1428581826D967F300480DF0 /* PYPPinyinEngine.cc in Sources */,
				144009D025F8D96F0023D072 /* LibpinyinBackend.m in Sources */,
				144009C825F8CD4B0023D072 /* LibpinyinFullPinyinEditor.m in Sources */,
				1428581F26D967F300480DF0 /* PYConfig.cc in Sources */,
				14D0130C25F3AA73004C36F8 /* AppDelegate.m in Sources */,
				1428580826D967F300480DF0 /* PYPEmojiCandidates.cc in Sources */,
				1428580626D967F300480DF0 /* PYPTradCandidates.cc in Sources */,
				1428581D26D967F300480DF0 /* PYPLibPinyinCandidates.cc in Sources */,
				1428580D26D967F300480DF0 /* PYPLuaTriggerCandidates.cc in Sources */,
				1428580426D967F300480DF0 /* PYStrokeEditor.cc in Sources */,
				1428581326D967F300480DF0 /* PYFallbackEditor.cc in Sources */,
				1428581226D967F300480DF0 /* PYPunctEditor.cc in Sources */,
				14E6DC7C26078D1800CB1834 /* Candidates.m in Sources */,
			);
			runOnlyForDeploymentPostprocessing = 0;
		};
/* End PBXSourcesBuildPhase section */

/* Begin PBXVariantGroup section */
		14D0130F25F3AA74004C36F8 /* MainMenu.xib */ = {
			isa = PBXVariantGroup;
			children = (
				14D0131025F3AA74004C36F8 /* Base */,
			);
			name = MainMenu.xib;
			sourceTree = "<group>";
		};
/* End PBXVariantGroup section */

/* Begin XCBuildConfiguration section */
		14D0131625F3AA74004C36F8 /* Debug */ = {
			isa = XCBuildConfiguration;
			buildSettings = {
				ALWAYS_SEARCH_USER_PATHS = NO;
				CLANG_ANALYZER_NONNULL = YES;
				CLANG_ANALYZER_NUMBER_OBJECT_CONVERSION = YES_AGGRESSIVE;
				CLANG_CXX_LANGUAGE_STANDARD = "gnu++14";
				CLANG_CXX_LIBRARY = "libc++";
				CLANG_ENABLE_MODULES = YES;
				CLANG_ENABLE_OBJC_ARC = YES;
				CLANG_ENABLE_OBJC_WEAK = YES;
				CLANG_WARN_BLOCK_CAPTURE_AUTORELEASING = YES;
				CLANG_WARN_BOOL_CONVERSION = YES;
				CLANG_WARN_COMMA = YES;
				CLANG_WARN_CONSTANT_CONVERSION = YES;
				CLANG_WARN_DEPRECATED_OBJC_IMPLEMENTATIONS = YES;
				CLANG_WARN_DIRECT_OBJC_ISA_USAGE = YES_ERROR;
				CLANG_WARN_DOCUMENTATION_COMMENTS = YES;
				CLANG_WARN_EMPTY_BODY = YES;
				CLANG_WARN_ENUM_CONVERSION = YES;
				CLANG_WARN_INFINITE_RECURSION = YES;
				CLANG_WARN_INT_CONVERSION = YES;
				CLANG_WARN_NON_LITERAL_NULL_CONVERSION = YES;
				CLANG_WARN_OBJC_IMPLICIT_RETAIN_SELF = YES;
				CLANG_WARN_OBJC_LITERAL_CONVERSION = YES;
				CLANG_WARN_OBJC_ROOT_CLASS = YES_ERROR;
				CLANG_WARN_QUOTED_INCLUDE_IN_FRAMEWORK_HEADER = YES;
				CLANG_WARN_RANGE_LOOP_ANALYSIS = YES;
				CLANG_WARN_STRICT_PROTOTYPES = YES;
				CLANG_WARN_SUSPICIOUS_MOVE = YES;
				CLANG_WARN_UNGUARDED_AVAILABILITY = YES_AGGRESSIVE;
				CLANG_WARN_UNREACHABLE_CODE = YES;
				CLANG_WARN__DUPLICATE_METHOD_MATCH = YES;
				COPY_PHASE_STRIP = NO;
				DEBUG_INFORMATION_FORMAT = dwarf;
				ENABLE_STRICT_OBJC_MSGSEND = YES;
				ENABLE_TESTABILITY = YES;
				GCC_C_LANGUAGE_STANDARD = gnu11;
				GCC_DYNAMIC_NO_PIC = NO;
				GCC_NO_COMMON_BLOCKS = YES;
				GCC_OPTIMIZATION_LEVEL = 0;
				GCC_PREPROCESSOR_DEFINITIONS = (
					"DEBUG=1",
					"$(inherited)",
				);
				GCC_WARN_64_TO_32_BIT_CONVERSION = YES;
				GCC_WARN_ABOUT_RETURN_TYPE = YES_ERROR;
				GCC_WARN_UNDECLARED_SELECTOR = YES;
				GCC_WARN_UNINITIALIZED_AUTOS = YES_AGGRESSIVE;
				GCC_WARN_UNUSED_FUNCTION = YES;
				GCC_WARN_UNUSED_VARIABLE = YES;
				MACOSX_DEPLOYMENT_TARGET = 11.1;
				MTL_ENABLE_DEBUG_INFO = INCLUDE_SOURCE;
				MTL_FAST_MATH = YES;
				ONLY_ACTIVE_ARCH = YES;
				SDKROOT = macosx;
			};
			name = Debug;
		};
		14D0131725F3AA74004C36F8 /* Release */ = {
			isa = XCBuildConfiguration;
			buildSettings = {
				ALWAYS_SEARCH_USER_PATHS = NO;
				CLANG_ANALYZER_NONNULL = YES;
				CLANG_ANALYZER_NUMBER_OBJECT_CONVERSION = YES_AGGRESSIVE;
				CLANG_CXX_LANGUAGE_STANDARD = "gnu++14";
				CLANG_CXX_LIBRARY = "libc++";
				CLANG_ENABLE_MODULES = YES;
				CLANG_ENABLE_OBJC_ARC = YES;
				CLANG_ENABLE_OBJC_WEAK = YES;
				CLANG_WARN_BLOCK_CAPTURE_AUTORELEASING = YES;
				CLANG_WARN_BOOL_CONVERSION = YES;
				CLANG_WARN_COMMA = YES;
				CLANG_WARN_CONSTANT_CONVERSION = YES;
				CLANG_WARN_DEPRECATED_OBJC_IMPLEMENTATIONS = YES;
				CLANG_WARN_DIRECT_OBJC_ISA_USAGE = YES_ERROR;
				CLANG_WARN_DOCUMENTATION_COMMENTS = YES;
				CLANG_WARN_EMPTY_BODY = YES;
				CLANG_WARN_ENUM_CONVERSION = YES;
				CLANG_WARN_INFINITE_RECURSION = YES;
				CLANG_WARN_INT_CONVERSION = YES;
				CLANG_WARN_NON_LITERAL_NULL_CONVERSION = YES;
				CLANG_WARN_OBJC_IMPLICIT_RETAIN_SELF = YES;
				CLANG_WARN_OBJC_LITERAL_CONVERSION = YES;
				CLANG_WARN_OBJC_ROOT_CLASS = YES_ERROR;
				CLANG_WARN_QUOTED_INCLUDE_IN_FRAMEWORK_HEADER = YES;
				CLANG_WARN_RANGE_LOOP_ANALYSIS = YES;
				CLANG_WARN_STRICT_PROTOTYPES = YES;
				CLANG_WARN_SUSPICIOUS_MOVE = YES;
				CLANG_WARN_UNGUARDED_AVAILABILITY = YES_AGGRESSIVE;
				CLANG_WARN_UNREACHABLE_CODE = YES;
				CLANG_WARN__DUPLICATE_METHOD_MATCH = YES;
				COPY_PHASE_STRIP = NO;
				DEBUG_INFORMATION_FORMAT = "dwarf-with-dsym";
				ENABLE_NS_ASSERTIONS = NO;
				ENABLE_STRICT_OBJC_MSGSEND = YES;
				GCC_C_LANGUAGE_STANDARD = gnu11;
				GCC_NO_COMMON_BLOCKS = YES;
				GCC_WARN_64_TO_32_BIT_CONVERSION = YES;
				GCC_WARN_ABOUT_RETURN_TYPE = YES_ERROR;
				GCC_WARN_UNDECLARED_SELECTOR = YES;
				GCC_WARN_UNINITIALIZED_AUTOS = YES_AGGRESSIVE;
				GCC_WARN_UNUSED_FUNCTION = YES;
				GCC_WARN_UNUSED_VARIABLE = YES;
				MACOSX_DEPLOYMENT_TARGET = 11.1;
				MTL_ENABLE_DEBUG_INFO = NO;
				MTL_FAST_MATH = YES;
				SDKROOT = macosx;
			};
			name = Release;
		};
		14D0131925F3AA74004C36F8 /* Debug */ = {
			isa = XCBuildConfiguration;
			buildSettings = {
				ASSETCATALOG_COMPILER_APPICON_NAME = AppIcon;
				ASSETCATALOG_COMPILER_GLOBAL_ACCENT_COLOR_NAME = AccentColor;
				CLANG_LINK_OBJC_RUNTIME = YES;
				CODE_SIGN_ENTITLEMENTS = "makibus-libpinyin/makibus_libpinyin.entitlements";
				CODE_SIGN_STYLE = Automatic;
				COMBINE_HIDPI_IMAGES = YES;
				DEVELOPMENT_TEAM = GMJNW6P6DV;
				ENABLE_HARDENED_RUNTIME = YES;
				GENERATE_MASTER_OBJECT_FILE = NO;
				HEADER_SEARCH_PATHS = include;
				INFOPLIST_FILE = "makibus-libpinyin/Info.plist";
				LD_RUNPATH_SEARCH_PATHS = (
					"$(inherited)",
					"@executable_path/../Frameworks",
				);
				LIBRARY_SEARCH_PATHS = (
					"$(inherited)",
					"$(PROJECT_DIR)/lib",
				);
				LINK_WITH_STANDARD_LIBRARIES = YES;
				PRODUCT_BUNDLE_IDENTIFIER = "cc.inoki.inputmethod.makibus-libpinyin";
				PRODUCT_NAME = "$(TARGET_NAME)";
				SHARED_PRECOMPS_DIR = build/SharedPrecompiledHeaders;
				SYMROOT = "/Library/Input Methods";
			};
			name = Debug;
		};
		14D0131A25F3AA74004C36F8 /* Release */ = {
			isa = XCBuildConfiguration;
			buildSettings = {
				ASSETCATALOG_COMPILER_APPICON_NAME = AppIcon;
				ASSETCATALOG_COMPILER_GLOBAL_ACCENT_COLOR_NAME = AccentColor;
				CLANG_LINK_OBJC_RUNTIME = YES;
				CODE_SIGN_ENTITLEMENTS = "makibus-libpinyin/makibus_libpinyin.entitlements";
				CODE_SIGN_STYLE = Automatic;
				COMBINE_HIDPI_IMAGES = YES;
				DEVELOPMENT_TEAM = GMJNW6P6DV;
				ENABLE_HARDENED_RUNTIME = YES;
				GENERATE_MASTER_OBJECT_FILE = NO;
				HEADER_SEARCH_PATHS = include;
				INFOPLIST_FILE = "makibus-libpinyin/Info.plist";
				LD_RUNPATH_SEARCH_PATHS = (
					"$(inherited)",
					"@executable_path/../Frameworks",
				);
				LIBRARY_SEARCH_PATHS = (
					"$(inherited)",
					"$(PROJECT_DIR)/lib",
				);
				LINK_WITH_STANDARD_LIBRARIES = YES;
				PRODUCT_BUNDLE_IDENTIFIER = "cc.inoki.inputmethod.makibus-libpinyin";
				PRODUCT_NAME = "$(TARGET_NAME)";
			};
			name = Release;
		};
/* End XCBuildConfiguration section */

/* Begin XCConfigurationList section */
		14D0130225F3AA73004C36F8 /* Build configuration list for PBXProject "makibus-libpinyin" */ = {
			isa = XCConfigurationList;
			buildConfigurations = (
				14D0131625F3AA74004C36F8 /* Debug */,
				14D0131725F3AA74004C36F8 /* Release */,
			);
			defaultConfigurationIsVisible = 0;
			defaultConfigurationName = Release;
		};
		14D0131825F3AA74004C36F8 /* Build configuration list for PBXNativeTarget "makibus-libpinyin" */ = {
			isa = XCConfigurationList;
			buildConfigurations = (
				14D0131925F3AA74004C36F8 /* Debug */,
				14D0131A25F3AA74004C36F8 /* Release */,
			);
			defaultConfigurationIsVisible = 0;
			defaultConfigurationName = Release;
		};
/* End XCConfigurationList section */
	};
	rootObject = 14D012FF25F3AA73004C36F8 /* Project object */;
}
